
Microsoft Visual Studio Solution File, Format Version 12.00
# Visual Studio Version 17
VisualStudioVersion = 17.3.32922.545
MinimumVisualStudioVersion = 10.0.40219.1
Project("{9A19103F-16F7-4668-BE54-9A1E7A4F7556}") = "Demo.PL", "Demo.PL\Demo.PL.csproj", "{D5180F2E-C8C4-469C-9A50-087A266F2496}"
EndProject
Project("{9A19103F-16F7-4668-BE54-9A1E7A4F7556}") = "Demo.DAL", "Demo.DAL\Demo.DAL.csproj", "{19EB7ED3-1FB4-40F7-BF51-9226AD086C08}"
EndProject
Project("{9A19103F-16F7-4668-BE54-9A1E7A4F7556}") = "Demo.BLL", "Demo.BLL\Demo.BLL.csproj", "{5E6F179A-EBF3-4EB1-82D1-25B0A4207150}"
EndProject
Project("{2150E333-8FDC-42A3-9474-1A3956D46DE8}") = "Solution Items", "Solution Items", "{05787D34-3C50-443F-BD19-0CE9D6CD2702}"
	ProjectSection(SolutionItems) = preProject
		.editorconfig = .editorconfig
	EndProjectSection
EndProject
Global
	GlobalSection(SolutionConfigurationPlatforms) = preSolution
		Debug|Any CPU = Debug|Any CPU
		Release|Any CPU = Release|Any CPU
	EndGlobalSection
	GlobalSection(ProjectConfigurationPlatforms) = postSolution
		{D5180F2E-C8C4-469C-9A50-087A266F2496}.Debug|Any CPU.ActiveCfg = Debug|Any CPU
		{D5180F2E-C8C4-469C-9A50-087A266F2496}.Debug|Any CPU.Build.0 = Debug|Any CPU
		{D5180F2E-C8C4-469C-9A50-087A266F2496}.Release|Any CPU.ActiveCfg = Release|Any CPU
		{D5180F2E-C8C4-469C-9A50-087A266F2496}.Release|Any CPU.Build.0 = Release|Any CPU
		{19EB7ED3-1FB4-40F7-BF51-9226AD086C08}.Debug|Any CPU.ActiveCfg = Debug|Any CPU
		{19EB7ED3-1FB4-40F7-BF51-9226AD086C08}.Debug|Any CPU.Build.0 = Debug|Any CPU
		{19EB7ED3-1FB4-40F7-BF51-9226AD086C08}.Release|Any CPU.ActiveCfg = Release|Any CPU
		{19EB7ED3-1FB4-40F7-BF51-9226AD086C08}.Release|Any CPU.Build.0 = Release|Any CPU
		{5E6F179A-EBF3-4EB1-82D1-25B0A4207150}.Debug|Any CPU.ActiveCfg = Debug|Any CPU
		{5E6F179A-EBF3-4EB1-82D1-25B0A4207150}.Debug|Any CPU.Build.0 = Debug|Any CPU
		{5E6F179A-EBF3-4EB1-82D1-25B0A4207150}.Release|Any CPU.ActiveCfg = Release|Any CPU
		{5E6F179A-EBF3-4EB1-82D1-25B0A4207150}.Release|Any CPU.Build.0 = Release|Any CPU
	EndGlobalSection
	GlobalSection(SolutionProperties) = preSolution
		HideSolutionNode = FALSE
	EndGlobalSection
	GlobalSection(ExtensibilityGlobals) = postSolution
		SolutionGuid = {20B08B56-DDEA-4A93-B50C-F30414DAB441}
	EndGlobalSection
EndGlobal
